// !$*UTF8*$!
{
	archiveVersion = 1;
	classes = {
	};
	objectVersion = 46;
	objects = {

/* Begin PBXBuildFile section */
		10A2A0191D9B44AC00E8D1C2 /* main.cpp in Sources */ = {isa = PBXBuildFile; fileRef = 10A2A0131D9B44AC00E8D1C2 /* main.cpp */; };
		10A2A01A1D9B44AC00E8D1C2 /* TestCase.cpp in Sources */ = {isa = PBXBuildFile; fileRef = 10A2A0171D9B44AC00E8D1C2 /* TestCase.cpp */; };
/* End PBXBuildFile section */

/* Begin PBXCopyFilesBuildPhase section */
		10A2A0071D9B449000E8D1C2 /* CopyFiles */ = {
			isa = PBXCopyFilesBuildPhase;
			buildActionMask = 2147483647;
			dstPath = /usr/share/man/man1/;
			dstSubfolderSpec = 0;
			files = (
			);
			runOnlyForDeploymentPostprocessing = 1;
		};
/* End PBXCopyFilesBuildPhase section */

/* Begin PBXFileReference section */
		10A2A0091D9B449000E8D1C2 /* Review 4 */ = {isa = PBXFileReference; explicitFileType = "compiled.mach-o.executable"; includeInIndex = 0; path = "Review 4"; sourceTree = BUILT_PRODUCTS_DIR; };
		10A2A0131D9B44AC00E8D1C2 /* main.cpp */ = {isa = PBXFileReference; fileEncoding = 4; lastKnownFileType = sourcecode.cpp.cpp; path = main.cpp; sourceTree = "<group>"; };
		10A2A0141D9B44AC00E8D1C2 /* Stack.h */ = {isa = PBXFileReference; fileEncoding = 4; lastKnownFileType = sourcecode.c.h; path = Stack.h; sourceTree = "<group>"; };
		10A2A0171D9B44AC00E8D1C2 /* TestCase.cpp */ = {isa = PBXFileReference; fileEncoding = 4; lastKnownFileType = sourcecode.cpp.cpp; path = TestCase.cpp; sourceTree = "<group>"; };
		10A2A0181D9B44AC00E8D1C2 /* TestCase.h */ = {isa = PBXFileReference; fileEncoding = 4; lastKnownFileType = sourcecode.c.h; path = TestCase.h; sourceTree = "<group>"; };
/* End PBXFileReference section */

/* Begin PBXFrameworksBuildPhase section */
		10A2A0061D9B449000E8D1C2 /* Frameworks */ = {
			isa = PBXFrameworksBuildPhase;
			buildActionMask = 2147483647;
			files = (
			);
			runOnlyForDeploymentPostprocessing = 0;
		};
/* End PBXFrameworksBuildPhase section */

/* Begin PBXGroup section */
		10A2A0001D9B449000E8D1C2 = {
			isa = PBXGroup;
			children = (
				10A2A00B1D9B449000E8D1C2 /* Review 4 */,
				10A2A00A1D9B449000E8D1C2 /* Products */,
			);
			sourceTree = "<group>";
		};
		10A2A00A1D9B449000E8D1C2 /* Products */ = {
			isa = PBXGroup;
			children = (
				10A2A0091D9B449000E8D1C2 /* Review 4 */,
			);
			name = Products;
			sourceTree = "<group>";
		};
		10A2A00B1D9B449000E8D1C2 /* Review 4 */ = {
			isa = PBXGroup;
			children = (
				10A2A0131D9B44AC00E8D1C2 /* main.cpp */,
				10A2A0141D9B44AC00E8D1C2 /* Stack.h */,
				10A2A0171D9B44AC00E8D1C2 /* TestCase.cpp */,
				10A2A0181D9B44AC00E8D1C2 /* TestCase.h */,
			);
			path = "Review 4";
			sourceTree = "<group>";
		};
/* End PBXGroup section */

/* Begin PBXNativeTarget section */
		10A2A0081D9B449000E8D1C2 /* Review 4 */ = {
			isa = PBXNativeTarget;
			buildConfigurationList = 10A2A0101D9B449000E8D1C2 /* Build configuration list for PBXNativeTarget "Review 4" */;
			buildPhases = (
				10A2A0051D9B449000E8D1C2 /* Sources */,
				10A2A0061D9B449000E8D1C2 /* Frameworks */,
				10A2A0071D9B449000E8D1C2 /* CopyFiles */,
			);
			buildRules = (
			);
			dependencies = (
			);
			name = "Review 4";
			productName = "Review 4";
			productReference = 10A2A0091D9B449000E8D1C2 /* Review 4 */;
			productType = "com.apple.product-type.tool";
		};
/* End PBXNativeTarget section */

/* Begin PBXProject section */
		10A2A0011D9B449000E8D1C2 /* Project object */ = {
			isa = PBXProject;
			attributes = {
				LastUpgradeCheck = 0800;
				ORGANIZATIONNAME = Carrera;
				TargetAttributes = {
					10A2A0081D9B449000E8D1C2 = {
						CreatedOnToolsVersion = 7.3.1;
					};
				};
			};
			buildConfigurationList = 10A2A0041D9B449000E8D1C2 /* Build configuration list for PBXProject "Review 4" */;
			compatibilityVersion = "Xcode 3.2";
			developmentRegion = English;
			hasScannedForEncodings = 0;
			knownRegions = (
				en,
			);
			mainGroup = 10A2A0001D9B449000E8D1C2;
			productRefGroup = 10A2A00A1D9B449000E8D1C2 /* Products */;
			projectDirPath = "";
			projectRoot = "";
			targets = (
				10A2A0081D9B449000E8D1C2 /* Review 4 */,
			);
		};
/* End PBXProject section */

/* Begin PBXSourcesBuildPhase section */
		10A2A0051D9B449000E8D1C2 /* Sources */ = {
			isa = PBXSourcesBuildPhase;
			buildActionMask = 2147483647;
			files = (
				10A2A0191D9B44AC00E8D1C2 /* main.cpp in Sources */,
				10A2A01A1D9B44AC00E8D1C2 /* TestCase.cpp in Sources */,
			);
			runOnlyForDeploymentPostprocessing = 0;
		};
/* End PBXSourcesBuildPhase section */

/* Begin XCBuildConfiguration section */
		10A2A00E1D9B449000E8D1C2 /* Debug */ = {
			isa = XCBuildConfiguration;
			buildSettings = {
				ALWAYS_SEARCH_USER_PATHS = NO;
				CLANG_ANALYZER_NONNULL = YES;
				CLANG_CXX_LANGUAGE_STANDARD = "gnu++0x";
				CLANG_CXX_LIBRARY = "libc++";
				CLANG_ENABLE_MODULES = YES;
				CLANG_ENABLE_OBJC_ARC = YES;
				CLANG_WARN_BOOL_CONVERSION = YES;
				CLANG_WARN_CONSTANT_CONVERSION = YES;
				CLANG_WARN_DIRECT_OBJC_ISA_USAGE = YES_ERROR;
				CLANG_WARN_EMPTY_BODY = YES;
				CLANG_WARN_ENUM_CONVERSION = YES;
				CLANG_WARN_INFINITE_RECURSION = YES;
				CLANG_WARN_INT_CONVERSION = YES;
				CLANG_WARN_OBJC_ROOT_CLASS = YES_ERROR;
				CLANG_WARN_SUSPICIOUS_MOVE = YES;
				CLANG_WARN_UNREACHABLE_CODE = YES;
				CLANG_WARN__DUPLICATE_METHOD_MATCH = YES;
				CODE_SIGN_IDENTITY = "-";
				COPY_PHASE_STRIP = NO;
				DEBUG_INFORMATION_FORMAT = dwarf;
				ENABLE_STRICT_OBJC_MSGSEND = YES;
				ENABLE_TESTABILITY = YES;
				GCC_C_LANGUAGE_STANDARD = gnu99;
				GCC_DYNAMIC_NO_PIC = NO;
				GCC_NO_COMMON_BLOCKS = YES;
				GCC_OPTIMIZATION_LEVEL = 0;
				GCC_PREPROCESSOR_DEFINITIONS = (
					"DEBUG=1",
					"$(inherited)",
				);
				GCC_WARN_64_TO_32_BIT_CONVERSION = YES;
				GCC_WARN_ABOUT_RETURN_TYPE = YES_ERROR;
				GCC_WARN_UNDECLARED_SELECTOR = YES;
				GCC_WARN_UNINITIALIZED_AUTOS = YES_AGGRESSIVE;
				GCC_WARN_UNUSED_FUNCTION = YES;
				GCC_WARN_UNUSED_VARIABLE = YES;
				MACOSX_DEPLOYMENT_TARGET = 10.11;
				MTL_ENABLE_DEBUG_INFO = YES;
				ONLY_ACTIVE_ARCH = YES;
				SDKROOT = macosx;
			};
			name = Debug;
		};
		10A2A00F1D9B449000E8D1C2 /* Release */ = {
			isa = XCBuildConfiguration;
			buildSettings = {
				ALWAYS_SEARCH_USER_PATHS = NO;
				CLANG_ANALYZER_NONNULL = YES;
				CLANG_CXX_LANGUAGE_STANDARD = "gnu++0x";
				CLANG_CXX_LIBRARY = "libc++";
				CLANG_ENABLE_MODULES = YES;
				CLANG_ENABLE_OBJC_ARC = YES;
				CLANG_WARN_BOOL_CONVERSION = YES;
				CLANG_WARN_CONSTANT_CONVERSION = YES;
				CLANG_WARN_DIRECT_OBJC_ISA_USAGE = YES_ERROR;
				CLANG_WARN_EMPTY_BODY = YES;
				CLANG_WARN_ENUM_CONVERSION = YES;
				CLANG_WARN_INFINITE_RECURSION = YES;
				CLANG_WARN_INT_CONVERSION = YES;
				CLANG_WARN_OBJC_ROOT_CLASS = YES_ERROR;
				CLANG_WARN_SUSPICIOUS_MOVE = YES;
				CLANG_WARN_UNREACHABLE_CODE = YES;
				CLANG_WARN__DUPLICATE_METHOD_MATCH = YES;
				CODE_SIGN_IDENTITY = "-";
				COPY_PHASE_STRIP = NO;
				DEBUG_INFORMATION_FORMAT = "dwarf-with-dsym";
				ENABLE_NS_ASSERTIONS = NO;
				ENABLE_STRICT_OBJC_MSGSEND = YES;
				GCC_C_LANGUAGE_STANDARD = gnu99;
				GCC_NO_COMMON_BLOCKS = YES;
				GCC_WARN_64_TO_32_BIT_CONVERSION = YES;
				GCC_WARN_ABOUT_RETURN_TYPE = YES_ERROR;
				GCC_WARN_UNDECLARED_SELECTOR = YES;
				GCC_WARN_UNINITIALIZED_AUTOS = YES_AGGRESSIVE;
				GCC_WARN_UNUSED_FUNCTION = YES;
				GCC_WARN_UNUSED_VARIABLE = YES;
				MACOSX_DEPLOYMENT_TARGET = 10.11;
				MTL_ENABLE_DEBUG_INFO = NO;
				SDKROOT = macosx;
			};
			name = Release;
		};
		10A2A0111D9B449000E8D1C2 /* Debug */ = {
			isa = XCBuildConfiguration;
			buildSettings = {
				PRODUCT_NAME = "$(TARGET_NAME)";
			};
			name = Debug;
		};
		10A2A0121D9B449000E8D1C2 /* Release */ = {
			isa = XCBuildConfiguration;
			buildSettings = {
				PRODUCT_NAME = "$(TARGET_NAME)";
			};
			name = Release;
		};
/* End XCBuildConfiguration section */

/* Begin XCConfigurationList section */
		10A2A0041D9B449000E8D1C2 /* Build configuration list for PBXProject "Review 4" */ = {
			isa = XCConfigurationList;
			buildConfigurations = (
				10A2A00E1D9B449000E8D1C2 /* Debug */,
				10A2A00F1D9B449000E8D1C2 /* Release */,
			);
			defaultConfigurationIsVisible = 0;
			defaultConfigurationName = Release;
		};
		10A2A0101D9B449000E8D1C2 /* Build configuration list for PBXNativeTarget "Review 4" */ = {
			isa = XCConfigurationList;
			buildConfigurations = (
				10A2A0111D9B449000E8D1C2 /* Debug */,
				10A2A0121D9B449000E8D1C2 /* Release */,
			);
			defaultConfigurationIsVisible = 0;
			defaultConfigurationName = Release;
		};
/* End XCConfigurationList section */
	};
	rootObject = 10A2A0011D9B449000E8D1C2 /* Project object */;
}
